
Microsoft Visual Studio Solution File, Format Version 12.00
# Visual Studio Version 16
VisualStudioVersion = 16.0.32428.217
MinimumVisualStudioVersion = 10.0.40219.1
Project("{FAE04EC0-301F-11D3-BF4B-00C04F79EFBC}") = "PadariaSA", "PadariaSA\PadariaSA.csproj", "{1F6C68C4-44BB-416F-840B-C37BB85B3D51}"
EndProject
Global
	GlobalSection(SolutionConfigurationPlatforms) = preSolution
		Debug|Any CPU = Debug|Any CPU
		Release|Any CPU = Release|Any CPU
	EndGlobalSection
	GlobalSection(ProjectConfigurationPlatforms) = postSolution
		{1F6C68C4-44BB-416F-840B-C37BB85B3D51}.Debug|Any CPU.ActiveCfg = Debug|Any CPU
		{1F6C68C4-44BB-416F-840B-C37BB85B3D51}.Debug|Any CPU.Build.0 = Debug|Any CPU
		{1F6C68C4-44BB-416F-840B-C37BB85B3D51}.Release|Any CPU.ActiveCfg = Release|Any CPU
		{1F6C68C4-44BB-416F-840B-C37BB85B3D51}.Release|Any CPU.Build.0 = Release|Any CPU
	EndGlobalSection
	GlobalSection(SolutionProperties) = preSolution
		HideSolutionNode = FALSE
	EndGlobalSection
	GlobalSection(ExtensibilityGlobals) = postSolution
		SolutionGuid = {EE8BB0E3-36CB-446A-9FDE-FB2C90DA6E46}
	EndGlobalSection
EndGlobal
